
Microsoft Visual Studio Solution File, Format Version 12.00
# Visual Studio Version 17
VisualStudioVersion = 17.5.002.0
MinimumVisualStudioVersion = 10.0.40219.1
Project("{9A19103F-16F7-4668-BE54-9A1E7A4F7556}") = "lab1", "lab1.csproj", "{319C9BB3-029F-413C-AD2A-BA4781AADA6C}"
EndProject
Project("{FAE04EC0-301F-11D3-BF4B-00C04F79EFBC}") = "lab21", "lab21\lab21.csproj", "{1FA526DC-9679-47BA-B801-3CCF3F53617C}"
EndProject
Project("{FAE04EC0-301F-11D3-BF4B-00C04F79EFBC}") = "lab2", "..\lab2\lab2\lab2.csproj", "{758DE70F-E8A5-4FBB-B922-62AC9A7EF6B0}"
EndProject
Project("{FAE04EC0-301F-11D3-BF4B-00C04F79EFBC}") = "lab2-2", "..\lab2-2\lab2-2.csproj", "{95575450-E80D-47C6-9106-59902A86D64A}"
EndProject
Project("{FAE04EC0-301F-11D3-BF4B-00C04F79EFBC}") = "lab3", "..\lab3\lab3.csproj", "{0E8A604B-CF7E-4691-9B6C-84B5DE38B921}"
EndProject
Project("{FAE04EC0-301F-11D3-BF4B-00C04F79EFBC}") = "lab4", "..\lab4\lab4.csproj", "{204A1811-B5C4-4844-90E7-DEB8866F9AE5}"
EndProject
Project("{FAE04EC0-301F-11D3-BF4B-00C04F79EFBC}") = "lab5", "..\lab5\lab5\lab5.csproj", "{B13233D8-CDB1-4B49-BA1B-80A36A91102D}"
EndProject
Project("{FAE04EC0-301F-11D3-BF4B-00C04F79EFBC}") = "lab6", "..\lab6\lab6.csproj", "{D5940C20-79F7-4E5E-85E1-94A95609F088}"
EndProject
Project("{FAE04EC0-301F-11D3-BF4B-00C04F79EFBC}") = "lab6.2", "..\lab6\lab6.2\lab6.2.csproj", "{9E26DEF0-10EA-4724-875D-40299CAF1BC7}"
EndProject
Project("{FAE04EC0-301F-11D3-BF4B-00C04F79EFBC}") = "lab7", "..\lab7\lab7.csproj", "{F36193BB-CF43-4E9D-B3D8-A69E1282F8D0}"
EndProject
Global
	GlobalSection(SolutionConfigurationPlatforms) = preSolution
		Debug|Any CPU = Debug|Any CPU
		Release|Any CPU = Release|Any CPU
	EndGlobalSection
	GlobalSection(ProjectConfigurationPlatforms) = postSolution
		{319C9BB3-029F-413C-AD2A-BA4781AADA6C}.Debug|Any CPU.ActiveCfg = Debug|Any CPU
		{319C9BB3-029F-413C-AD2A-BA4781AADA6C}.Debug|Any CPU.Build.0 = Debug|Any CPU
		{319C9BB3-029F-413C-AD2A-BA4781AADA6C}.Release|Any CPU.ActiveCfg = Release|Any CPU
		{319C9BB3-029F-413C-AD2A-BA4781AADA6C}.Release|Any CPU.Build.0 = Release|Any CPU
		{1FA526DC-9679-47BA-B801-3CCF3F53617C}.Debug|Any CPU.ActiveCfg = Debug|Any CPU
		{1FA526DC-9679-47BA-B801-3CCF3F53617C}.Debug|Any CPU.Build.0 = Debug|Any CPU
		{1FA526DC-9679-47BA-B801-3CCF3F53617C}.Release|Any CPU.ActiveCfg = Release|Any CPU
		{1FA526DC-9679-47BA-B801-3CCF3F53617C}.Release|Any CPU.Build.0 = Release|Any CPU
		{758DE70F-E8A5-4FBB-B922-62AC9A7EF6B0}.Debug|Any CPU.ActiveCfg = Debug|Any CPU
		{758DE70F-E8A5-4FBB-B922-62AC9A7EF6B0}.Debug|Any CPU.Build.0 = Debug|Any CPU
		{758DE70F-E8A5-4FBB-B922-62AC9A7EF6B0}.Release|Any CPU.ActiveCfg = Release|Any CPU
		{758DE70F-E8A5-4FBB-B922-62AC9A7EF6B0}.Release|Any CPU.Build.0 = Release|Any CPU
		{95575450-E80D-47C6-9106-59902A86D64A}.Debug|Any CPU.ActiveCfg = Debug|Any CPU
		{95575450-E80D-47C6-9106-59902A86D64A}.Debug|Any CPU.Build.0 = Debug|Any CPU
		{95575450-E80D-47C6-9106-59902A86D64A}.Release|Any CPU.ActiveCfg = Release|Any CPU
		{95575450-E80D-47C6-9106-59902A86D64A}.Release|Any CPU.Build.0 = Release|Any CPU
		{3D55044A-9B6D-4571-B626-0C5D681C8E08}.Debug|Any CPU.ActiveCfg = Debug|Any CPU
		{3D55044A-9B6D-4571-B626-0C5D681C8E08}.Debug|Any CPU.Build.0 = Debug|Any CPU
		{3D55044A-9B6D-4571-B626-0C5D681C8E08}.Release|Any CPU.ActiveCfg = Release|Any CPU
		{3D55044A-9B6D-4571-B626-0C5D681C8E08}.Release|Any CPU.Build.0 = Release|Any CPU
		{0E8A604B-CF7E-4691-9B6C-84B5DE38B921}.Debug|Any CPU.ActiveCfg = Debug|Any CPU
		{0E8A604B-CF7E-4691-9B6C-84B5DE38B921}.Debug|Any CPU.Build.0 = Debug|Any CPU
		{0E8A604B-CF7E-4691-9B6C-84B5DE38B921}.Release|Any CPU.ActiveCfg = Release|Any CPU
		{0E8A604B-CF7E-4691-9B6C-84B5DE38B921}.Release|Any CPU.Build.0 = Release|Any CPU
		{204A1811-B5C4-4844-90E7-DEB8866F9AE5}.Debug|Any CPU.ActiveCfg = Debug|Any CPU
		{204A1811-B5C4-4844-90E7-DEB8866F9AE5}.Debug|Any CPU.Build.0 = Debug|Any CPU
		{204A1811-B5C4-4844-90E7-DEB8866F9AE5}.Release|Any CPU.ActiveCfg = Release|Any CPU
		{204A1811-B5C4-4844-90E7-DEB8866F9AE5}.Release|Any CPU.Build.0 = Release|Any CPU
		{B13233D8-CDB1-4B49-BA1B-80A36A91102D}.Debug|Any CPU.ActiveCfg = Debug|Any CPU
		{B13233D8-CDB1-4B49-BA1B-80A36A91102D}.Debug|Any CPU.Build.0 = Debug|Any CPU
		{B13233D8-CDB1-4B49-BA1B-80A36A91102D}.Release|Any CPU.ActiveCfg = Release|Any CPU
		{B13233D8-CDB1-4B49-BA1B-80A36A91102D}.Release|Any CPU.Build.0 = Release|Any CPU
		{D5940C20-79F7-4E5E-85E1-94A95609F088}.Debug|Any CPU.ActiveCfg = Debug|Any CPU
		{D5940C20-79F7-4E5E-85E1-94A95609F088}.Debug|Any CPU.Build.0 = Debug|Any CPU
		{D5940C20-79F7-4E5E-85E1-94A95609F088}.Release|Any CPU.ActiveCfg = Release|Any CPU
		{D5940C20-79F7-4E5E-85E1-94A95609F088}.Release|Any CPU.Build.0 = Release|Any CPU
		{9E26DEF0-10EA-4724-875D-40299CAF1BC7}.Debug|Any CPU.ActiveCfg = Debug|Any CPU
		{9E26DEF0-10EA-4724-875D-40299CAF1BC7}.Debug|Any CPU.Build.0 = Debug|Any CPU
		{9E26DEF0-10EA-4724-875D-40299CAF1BC7}.Release|Any CPU.ActiveCfg = Release|Any CPU
		{9E26DEF0-10EA-4724-875D-40299CAF1BC7}.Release|Any CPU.Build.0 = Release|Any CPU
		{F36193BB-CF43-4E9D-B3D8-A69E1282F8D0}.Debug|Any CPU.ActiveCfg = Debug|Any CPU
		{F36193BB-CF43-4E9D-B3D8-A69E1282F8D0}.Debug|Any CPU.Build.0 = Debug|Any CPU
		{F36193BB-CF43-4E9D-B3D8-A69E1282F8D0}.Release|Any CPU.ActiveCfg = Release|Any CPU
		{F36193BB-CF43-4E9D-B3D8-A69E1282F8D0}.Release|Any CPU.Build.0 = Release|Any CPU
	EndGlobalSection
	GlobalSection(SolutionProperties) = preSolution
		HideSolutionNode = FALSE
	EndGlobalSection
	GlobalSection(ExtensibilityGlobals) = postSolution
		SolutionGuid = {1391C5B0-A590-4059-A891-EA64D657F248}
	EndGlobalSection
EndGlobal
